// !$*UTF8*$!
{
	archiveVersion = 1;
	classes = {
	};
	objectVersion = 77;
	objects = {

/* Begin PBXBuildFile section */
		72448875DBA63EC2B9C73B7B /* Pods_CurrencyExchangeSwiftUI.framework in Frameworks */ = {isa = PBXBuildFile; fileRef = 0EEDC676828183AB47574A2F /* Pods_CurrencyExchangeSwiftUI.framework */; };
		ABD55ECB73808B4F9D21992A /* Pods_CurrencyExchangeSwiftUITests.framework in Frameworks */ = {isa = PBXBuildFile; fileRef = B80EB902C1BC823A35B122DA /* Pods_CurrencyExchangeSwiftUITests.framework */; };
		C24E5727115A8B1608194F84 /* Pods_CurrencyExchangeSwiftUI_CurrencyExchangeSwiftUIUITests.framework in Frameworks */ = {isa = PBXBuildFile; fileRef = 32A1FCF214FE731EF5EBCEEB /* Pods_CurrencyExchangeSwiftUI_CurrencyExchangeSwiftUIUITests.framework */; };
/* End PBXBuildFile section */

/* Begin PBXContainerItemProxy section */
		D9D8271F2C949DB2006DF004 /* PBXContainerItemProxy */ = {
			isa = PBXContainerItemProxy;
			containerPortal = D9D827062C949DAF006DF004 /* Project object */;
			proxyType = 1;
			remoteGlobalIDString = D9D8270D2C949DAF006DF004;
			remoteInfo = CurrencyExchangeSwiftUI;
		};
		D9D827292C949DB2006DF004 /* PBXContainerItemProxy */ = {
			isa = PBXContainerItemProxy;
			containerPortal = D9D827062C949DAF006DF004 /* Project object */;
			proxyType = 1;
			remoteGlobalIDString = D9D8270D2C949DAF006DF004;
			remoteInfo = CurrencyExchangeSwiftUI;
		};
/* End PBXContainerItemProxy section */

/* Begin PBXFileReference section */
		0EEDC676828183AB47574A2F /* Pods_CurrencyExchangeSwiftUI.framework */ = {isa = PBXFileReference; explicitFileType = wrapper.framework; includeInIndex = 0; path = Pods_CurrencyExchangeSwiftUI.framework; sourceTree = BUILT_PRODUCTS_DIR; };
		11DF2AF796987F111A972014 /* Pods-CurrencyExchangeSwiftUITests.debug.xcconfig */ = {isa = PBXFileReference; includeInIndex = 1; lastKnownFileType = text.xcconfig; name = "Pods-CurrencyExchangeSwiftUITests.debug.xcconfig"; path = "Target Support Files/Pods-CurrencyExchangeSwiftUITests/Pods-CurrencyExchangeSwiftUITests.debug.xcconfig"; sourceTree = "<group>"; };
		32A1FCF214FE731EF5EBCEEB /* Pods_CurrencyExchangeSwiftUI_CurrencyExchangeSwiftUIUITests.framework */ = {isa = PBXFileReference; explicitFileType = wrapper.framework; includeInIndex = 0; path = Pods_CurrencyExchangeSwiftUI_CurrencyExchangeSwiftUIUITests.framework; sourceTree = BUILT_PRODUCTS_DIR; };
		65904C9A15C3F0450B975B49 /* Pods-CurrencyExchangeSwiftUI-CurrencyExchangeSwiftUIUITests.release.xcconfig */ = {isa = PBXFileReference; includeInIndex = 1; lastKnownFileType = text.xcconfig; name = "Pods-CurrencyExchangeSwiftUI-CurrencyExchangeSwiftUIUITests.release.xcconfig"; path = "Target Support Files/Pods-CurrencyExchangeSwiftUI-CurrencyExchangeSwiftUIUITests/Pods-CurrencyExchangeSwiftUI-CurrencyExchangeSwiftUIUITests.release.xcconfig"; sourceTree = "<group>"; };
		6FEA10BB6152EF3DDE7C4BE3 /* Pods-CurrencyExchangeSwiftUI.release.xcconfig */ = {isa = PBXFileReference; includeInIndex = 1; lastKnownFileType = text.xcconfig; name = "Pods-CurrencyExchangeSwiftUI.release.xcconfig"; path = "Target Support Files/Pods-CurrencyExchangeSwiftUI/Pods-CurrencyExchangeSwiftUI.release.xcconfig"; sourceTree = "<group>"; };
		9BA524804DD795596258A2EB /* Pods-CurrencyExchangeSwiftUITests.release.xcconfig */ = {isa = PBXFileReference; includeInIndex = 1; lastKnownFileType = text.xcconfig; name = "Pods-CurrencyExchangeSwiftUITests.release.xcconfig"; path = "Target Support Files/Pods-CurrencyExchangeSwiftUITests/Pods-CurrencyExchangeSwiftUITests.release.xcconfig"; sourceTree = "<group>"; };
		9DC74EAB2CF560838838B04F /* Pods-CurrencyExchangeSwiftUI-CurrencyExchangeSwiftUIUITests.debug.xcconfig */ = {isa = PBXFileReference; includeInIndex = 1; lastKnownFileType = text.xcconfig; name = "Pods-CurrencyExchangeSwiftUI-CurrencyExchangeSwiftUIUITests.debug.xcconfig"; path = "Target Support Files/Pods-CurrencyExchangeSwiftUI-CurrencyExchangeSwiftUIUITests/Pods-CurrencyExchangeSwiftUI-CurrencyExchangeSwiftUIUITests.debug.xcconfig"; sourceTree = "<group>"; };
		B80EB902C1BC823A35B122DA /* Pods_CurrencyExchangeSwiftUITests.framework */ = {isa = PBXFileReference; explicitFileType = wrapper.framework; includeInIndex = 0; path = Pods_CurrencyExchangeSwiftUITests.framework; sourceTree = BUILT_PRODUCTS_DIR; };
		D9B04215591C99907B224770 /* Pods-CurrencyExchangeSwiftUI.debug.xcconfig */ = {isa = PBXFileReference; includeInIndex = 1; lastKnownFileType = text.xcconfig; name = "Pods-CurrencyExchangeSwiftUI.debug.xcconfig"; path = "Target Support Files/Pods-CurrencyExchangeSwiftUI/Pods-CurrencyExchangeSwiftUI.debug.xcconfig"; sourceTree = "<group>"; };
		D9D8270E2C949DAF006DF004 /* CurrencyExchangeSwiftUI.app */ = {isa = PBXFileReference; explicitFileType = wrapper.application; includeInIndex = 0; path = CurrencyExchangeSwiftUI.app; sourceTree = BUILT_PRODUCTS_DIR; };
		D9D8271E2C949DB2006DF004 /* CurrencyExchangeSwiftUITests.xctest */ = {isa = PBXFileReference; explicitFileType = wrapper.cfbundle; includeInIndex = 0; path = CurrencyExchangeSwiftUITests.xctest; sourceTree = BUILT_PRODUCTS_DIR; };
		D9D827282C949DB2006DF004 /* CurrencyExchangeSwiftUIUITests.xctest */ = {isa = PBXFileReference; explicitFileType = wrapper.cfbundle; includeInIndex = 0; path = CurrencyExchangeSwiftUIUITests.xctest; sourceTree = BUILT_PRODUCTS_DIR; };
/* End PBXFileReference section */

/* Begin PBXFileSystemSynchronizedBuildFileExceptionSet section */
		D95ADA202CCAA30A00AACCA6 /* Exceptions for "CurrencyExchangeSwiftUI" folder in "CurrencyExchangeSwiftUITests" target */ = {
			isa = PBXFileSystemSynchronizedBuildFileExceptionSet;
			membershipExceptions = (
				Assets.xcassets,
			);
			target = D9D8271D2C949DB2006DF004 /* CurrencyExchangeSwiftUITests */;
		};
		D9A8010C2CE8EBBE0034AC8C /* Exceptions for "CurrencyExchangeSwiftUI" folder in "CurrencyExchangeSwiftUI" target */ = {
			isa = PBXFileSystemSynchronizedBuildFileExceptionSet;
			membershipExceptions = (
				Config.xcconfig,
				Info.plist,
			);
			target = D9D8270D2C949DAF006DF004 /* CurrencyExchangeSwiftUI */;
		};
/* End PBXFileSystemSynchronizedBuildFileExceptionSet section */

/* Begin PBXFileSystemSynchronizedRootGroup section */
		D95ADA0F2CCAA30900AACCA6 /* CurrencyExchangeSwiftUI */ = {
			isa = PBXFileSystemSynchronizedRootGroup;
			exceptions = (
				D9A8010C2CE8EBBE0034AC8C /* Exceptions for "CurrencyExchangeSwiftUI" folder in "CurrencyExchangeSwiftUI" target */,
				D95ADA202CCAA30A00AACCA6 /* Exceptions for "CurrencyExchangeSwiftUI" folder in "CurrencyExchangeSwiftUITests" target */,
			);
			path = CurrencyExchangeSwiftUI;
			sourceTree = "<group>";
		};
		D95ADA1A2CCAA30900AACCA6 /* CurrencyExchangeUITests */ = {
			isa = PBXFileSystemSynchronizedRootGroup;
			path = CurrencyExchangeUITests;
			sourceTree = "<group>";
		};
		D95ADA1E2CCAA30A00AACCA6 /* CurrencyExchangeTests */ = {
			isa = PBXFileSystemSynchronizedRootGroup;
			path = CurrencyExchangeTests;
			sourceTree = "<group>";
		};
/* End PBXFileSystemSynchronizedRootGroup section */

/* Begin PBXFrameworksBuildPhase section */
		D9D8270B2C949DAF006DF004 /* Frameworks */ = {
			isa = PBXFrameworksBuildPhase;
			buildActionMask = 2147483647;
			files = (
				72448875DBA63EC2B9C73B7B /* Pods_CurrencyExchangeSwiftUI.framework in Frameworks */,
			);
			runOnlyForDeploymentPostprocessing = 0;
		};
		D9D8271B2C949DB2006DF004 /* Frameworks */ = {
			isa = PBXFrameworksBuildPhase;
			buildActionMask = 2147483647;
			files = (
				ABD55ECB73808B4F9D21992A /* Pods_CurrencyExchangeSwiftUITests.framework in Frameworks */,
			);
			runOnlyForDeploymentPostprocessing = 0;
		};
		D9D827252C949DB2006DF004 /* Frameworks */ = {
			isa = PBXFrameworksBuildPhase;
			buildActionMask = 2147483647;
			files = (
				C24E5727115A8B1608194F84 /* Pods_CurrencyExchangeSwiftUI_CurrencyExchangeSwiftUIUITests.framework in Frameworks */,
			);
			runOnlyForDeploymentPostprocessing = 0;
		};
/* End PBXFrameworksBuildPhase section */

/* Begin PBXGroup section */
		3FCA920145FB23C1D5702ECB /* Pods */ = {
			isa = PBXGroup;
			children = (
				D9B04215591C99907B224770 /* Pods-CurrencyExchangeSwiftUI.debug.xcconfig */,
				6FEA10BB6152EF3DDE7C4BE3 /* Pods-CurrencyExchangeSwiftUI.release.xcconfig */,
				9DC74EAB2CF560838838B04F /* Pods-CurrencyExchangeSwiftUI-CurrencyExchangeSwiftUIUITests.debug.xcconfig */,
				65904C9A15C3F0450B975B49 /* Pods-CurrencyExchangeSwiftUI-CurrencyExchangeSwiftUIUITests.release.xcconfig */,
				11DF2AF796987F111A972014 /* Pods-CurrencyExchangeSwiftUITests.debug.xcconfig */,
				9BA524804DD795596258A2EB /* Pods-CurrencyExchangeSwiftUITests.release.xcconfig */,
			);
			path = Pods;
			sourceTree = "<group>";
		};
		8FA3D8E72E333398FEEB0C53 /* Frameworks */ = {
			isa = PBXGroup;
			children = (
				0EEDC676828183AB47574A2F /* Pods_CurrencyExchangeSwiftUI.framework */,
				32A1FCF214FE731EF5EBCEEB /* Pods_CurrencyExchangeSwiftUI_CurrencyExchangeSwiftUIUITests.framework */,
				B80EB902C1BC823A35B122DA /* Pods_CurrencyExchangeSwiftUITests.framework */,
			);
			name = Frameworks;
			sourceTree = "<group>";
		};
		D9D827052C949DAF006DF004 = {
			isa = PBXGroup;
			children = (
				D95ADA1E2CCAA30A00AACCA6 /* CurrencyExchangeTests */,
				D95ADA1A2CCAA30900AACCA6 /* CurrencyExchangeUITests */,
				D9D8270F2C949DAF006DF004 /* Products */,
				D95ADA0F2CCAA30900AACCA6 /* CurrencyExchangeSwiftUI */,
				3FCA920145FB23C1D5702ECB /* Pods */,
				8FA3D8E72E333398FEEB0C53 /* Frameworks */,
			);
			sourceTree = "<group>";
		};
		D9D8270F2C949DAF006DF004 /* Products */ = {
			isa = PBXGroup;
			children = (
				D9D8270E2C949DAF006DF004 /* CurrencyExchangeSwiftUI.app */,
				D9D8271E2C949DB2006DF004 /* CurrencyExchangeSwiftUITests.xctest */,
				D9D827282C949DB2006DF004 /* CurrencyExchangeSwiftUIUITests.xctest */,
			);
			name = Products;
			sourceTree = "<group>";
		};
/* End PBXGroup section */

/* Begin PBXNativeTarget section */
		D9D8270D2C949DAF006DF004 /* CurrencyExchangeSwiftUI */ = {
			isa = PBXNativeTarget;
			buildConfigurationList = D9D827322C949DB2006DF004 /* Build configuration list for PBXNativeTarget "CurrencyExchangeSwiftUI" */;
			buildPhases = (
				8934FC41A07B88040B7734E7 /* [CP] Check Pods Manifest.lock */,
				D9D8270A2C949DAF006DF004 /* Sources */,
				D9D8270B2C949DAF006DF004 /* Frameworks */,
				D9D8270C2C949DAF006DF004 /* Resources */,
			);
			buildRules = (
			);
			dependencies = (
			);
			fileSystemSynchronizedGroups = (
				D95ADA0F2CCAA30900AACCA6 /* CurrencyExchangeSwiftUI */,
			);
			name = CurrencyExchangeSwiftUI;
			productName = CurrencyExchangeSwiftUI;
			productReference = D9D8270E2C949DAF006DF004 /* CurrencyExchangeSwiftUI.app */;
			productType = "com.apple.product-type.application";
		};
		D9D8271D2C949DB2006DF004 /* CurrencyExchangeSwiftUITests */ = {
			isa = PBXNativeTarget;
			buildConfigurationList = D9D827352C949DB2006DF004 /* Build configuration list for PBXNativeTarget "CurrencyExchangeSwiftUITests" */;
			buildPhases = (
				41EFA9D508E515BEE4CAF325 /* [CP] Check Pods Manifest.lock */,
				D9D8271A2C949DB2006DF004 /* Sources */,
				D9D8271B2C949DB2006DF004 /* Frameworks */,
				D9D8271C2C949DB2006DF004 /* Resources */,
			);
			buildRules = (
			);
			dependencies = (
				D9D827202C949DB2006DF004 /* PBXTargetDependency */,
			);
			fileSystemSynchronizedGroups = (
				D95ADA1E2CCAA30A00AACCA6 /* CurrencyExchangeTests */,
			);
			name = CurrencyExchangeSwiftUITests;
			productName = CurrencyExchangeSwiftUITests;
			productReference = D9D8271E2C949DB2006DF004 /* CurrencyExchangeSwiftUITests.xctest */;
			productType = "com.apple.product-type.bundle.unit-test";
		};
		D9D827272C949DB2006DF004 /* CurrencyExchangeSwiftUIUITests */ = {
			isa = PBXNativeTarget;
			buildConfigurationList = D9D827382C949DB2006DF004 /* Build configuration list for PBXNativeTarget "CurrencyExchangeSwiftUIUITests" */;
			buildPhases = (
				BE07B67677A62AEEA0E0D74A /* [CP] Check Pods Manifest.lock */,
				D9D827242C949DB2006DF004 /* Sources */,
				D9D827252C949DB2006DF004 /* Frameworks */,
				D9D827262C949DB2006DF004 /* Resources */,
			);
			buildRules = (
			);
			dependencies = (
				D9D8272A2C949DB2006DF004 /* PBXTargetDependency */,
			);
			fileSystemSynchronizedGroups = (
				D95ADA1A2CCAA30900AACCA6 /* CurrencyExchangeUITests */,
			);
			name = CurrencyExchangeSwiftUIUITests;
			productName = CurrencyExchangeSwiftUIUITests;
			productReference = D9D827282C949DB2006DF004 /* CurrencyExchangeSwiftUIUITests.xctest */;
			productType = "com.apple.product-type.bundle.ui-testing";
		};
/* End PBXNativeTarget section */

/* Begin PBXProject section */
		D9D827062C949DAF006DF004 /* Project object */ = {
			isa = PBXProject;
			attributes = {
				BuildIndependentTargetsInParallel = 1;
				LastSwiftUpdateCheck = 1530;
				LastUpgradeCheck = 1610;
				TargetAttributes = {
					D9D8270D2C949DAF006DF004 = {
						CreatedOnToolsVersion = 15.3;
					};
					D9D8271D2C949DB2006DF004 = {
						CreatedOnToolsVersion = 15.3;
						TestTargetID = D9D8270D2C949DAF006DF004;
					};
					D9D827272C949DB2006DF004 = {
						CreatedOnToolsVersion = 15.3;
						TestTargetID = D9D8270D2C949DAF006DF004;
					};
				};
			};
			buildConfigurationList = D9D827092C949DAF006DF004 /* Build configuration list for PBXProject "CurrencyExchangeSwiftUI" */;
			developmentRegion = en;
			hasScannedForEncodings = 0;
			knownRegions = (
				en,
				Base,
				ru,
				ka,
			);
			mainGroup = D9D827052C949DAF006DF004;
			preferredProjectObjectVersion = 77;
			productRefGroup = D9D8270F2C949DAF006DF004 /* Products */;
			projectDirPath = "";
			projectRoot = "";
			targets = (
				D9D8270D2C949DAF006DF004 /* CurrencyExchangeSwiftUI */,
				D9D8271D2C949DB2006DF004 /* CurrencyExchangeSwiftUITests */,
				D9D827272C949DB2006DF004 /* CurrencyExchangeSwiftUIUITests */,
			);
		};
/* End PBXProject section */

/* Begin PBXResourcesBuildPhase section */
		D9D8270C2C949DAF006DF004 /* Resources */ = {
			isa = PBXResourcesBuildPhase;
			buildActionMask = 2147483647;
			files = (
			);
			runOnlyForDeploymentPostprocessing = 0;
		};
		D9D8271C2C949DB2006DF004 /* Resources */ = {
			isa = PBXResourcesBuildPhase;
			buildActionMask = 2147483647;
			files = (
			);
			runOnlyForDeploymentPostprocessing = 0;
		};
		D9D827262C949DB2006DF004 /* Resources */ = {
			isa = PBXResourcesBuildPhase;
			buildActionMask = 2147483647;
			files = (
			);
			runOnlyForDeploymentPostprocessing = 0;
		};
/* End PBXResourcesBuildPhase section */

/* Begin PBXShellScriptBuildPhase section */
		41EFA9D508E515BEE4CAF325 /* [CP] Check Pods Manifest.lock */ = {
			isa = PBXShellScriptBuildPhase;
			buildActionMask = 2147483647;
			files = (
			);
			inputFileListPaths = (
			);
			inputPaths = (
				"${PODS_PODFILE_DIR_PATH}/Podfile.lock",
				"${PODS_ROOT}/Manifest.lock",
			);
			name = "[CP] Check Pods Manifest.lock";
			outputFileListPaths = (
			);
			outputPaths = (
				"$(DERIVED_FILE_DIR)/Pods-CurrencyExchangeSwiftUITests-checkManifestLockResult.txt",
			);
			runOnlyForDeploymentPostprocessing = 0;
			shellPath = /bin/sh;
			shellScript = "diff \"${PODS_PODFILE_DIR_PATH}/Podfile.lock\" \"${PODS_ROOT}/Manifest.lock\" > /dev/null\nif [ $? != 0 ] ; then\n    # print error to STDERR\n    echo \"error: The sandbox is not in sync with the Podfile.lock. Run 'pod install' or update your CocoaPods installation.\" >&2\n    exit 1\nfi\n# This output is used by Xcode 'outputs' to avoid re-running this script phase.\necho \"SUCCESS\" > \"${SCRIPT_OUTPUT_FILE_0}\"\n";
			showEnvVarsInLog = 0;
		};
		8934FC41A07B88040B7734E7 /* [CP] Check Pods Manifest.lock */ = {
			isa = PBXShellScriptBuildPhase;
			buildActionMask = 2147483647;
			files = (
			);
			inputFileListPaths = (
			);
			inputPaths = (
				"${PODS_PODFILE_DIR_PATH}/Podfile.lock",
				"${PODS_ROOT}/Manifest.lock",
			);
			name = "[CP] Check Pods Manifest.lock";
			outputFileListPaths = (
			);
			outputPaths = (
				"$(DERIVED_FILE_DIR)/Pods-CurrencyExchangeSwiftUI-checkManifestLockResult.txt",
			);
			runOnlyForDeploymentPostprocessing = 0;
			shellPath = /bin/sh;
			shellScript = "diff \"${PODS_PODFILE_DIR_PATH}/Podfile.lock\" \"${PODS_ROOT}/Manifest.lock\" > /dev/null\nif [ $? != 0 ] ; then\n    # print error to STDERR\n    echo \"error: The sandbox is not in sync with the Podfile.lock. Run 'pod install' or update your CocoaPods installation.\" >&2\n    exit 1\nfi\n# This output is used by Xcode 'outputs' to avoid re-running this script phase.\necho \"SUCCESS\" > \"${SCRIPT_OUTPUT_FILE_0}\"\n";
			showEnvVarsInLog = 0;
		};
		BE07B67677A62AEEA0E0D74A /* [CP] Check Pods Manifest.lock */ = {
			isa = PBXShellScriptBuildPhase;
			buildActionMask = 2147483647;
			files = (
			);
			inputFileListPaths = (
			);
			inputPaths = (
				"${PODS_PODFILE_DIR_PATH}/Podfile.lock",
				"${PODS_ROOT}/Manifest.lock",
			);
			name = "[CP] Check Pods Manifest.lock";
			outputFileListPaths = (
			);
			outputPaths = (
				"$(DERIVED_FILE_DIR)/Pods-CurrencyExchangeSwiftUI-CurrencyExchangeSwiftUIUITests-checkManifestLockResult.txt",
			);
			runOnlyForDeploymentPostprocessing = 0;
			shellPath = /bin/sh;
			shellScript = "diff \"${PODS_PODFILE_DIR_PATH}/Podfile.lock\" \"${PODS_ROOT}/Manifest.lock\" > /dev/null\nif [ $? != 0 ] ; then\n    # print error to STDERR\n    echo \"error: The sandbox is not in sync with the Podfile.lock. Run 'pod install' or update your CocoaPods installation.\" >&2\n    exit 1\nfi\n# This output is used by Xcode 'outputs' to avoid re-running this script phase.\necho \"SUCCESS\" > \"${SCRIPT_OUTPUT_FILE_0}\"\n";
			showEnvVarsInLog = 0;
		};
/* End PBXShellScriptBuildPhase section */

/* Begin PBXSourcesBuildPhase section */
		D9D8270A2C949DAF006DF004 /* Sources */ = {
			isa = PBXSourcesBuildPhase;
			buildActionMask = 2147483647;
			files = (
			);
			runOnlyForDeploymentPostprocessing = 0;
		};
		D9D8271A2C949DB2006DF004 /* Sources */ = {
			isa = PBXSourcesBuildPhase;
			buildActionMask = 2147483647;
			files = (
			);
			runOnlyForDeploymentPostprocessing = 0;
		};
		D9D827242C949DB2006DF004 /* Sources */ = {
			isa = PBXSourcesBuildPhase;
			buildActionMask = 2147483647;
			files = (
			);
			runOnlyForDeploymentPostprocessing = 0;
		};
/* End PBXSourcesBuildPhase section */

/* Begin PBXTargetDependency section */
		D9D827202C949DB2006DF004 /* PBXTargetDependency */ = {
			isa = PBXTargetDependency;
			target = D9D8270D2C949DAF006DF004 /* CurrencyExchangeSwiftUI */;
			targetProxy = D9D8271F2C949DB2006DF004 /* PBXContainerItemProxy */;
		};
		D9D8272A2C949DB2006DF004 /* PBXTargetDependency */ = {
			isa = PBXTargetDependency;
			target = D9D8270D2C949DAF006DF004 /* CurrencyExchangeSwiftUI */;
			targetProxy = D9D827292C949DB2006DF004 /* PBXContainerItemProxy */;
		};
/* End PBXTargetDependency section */

/* Begin XCBuildConfiguration section */
		D9D827302C949DB2006DF004 /* Debug */ = {
			isa = XCBuildConfiguration;
			baseConfigurationReferenceAnchor = D95ADA0F2CCAA30900AACCA6 /* CurrencyExchangeSwiftUI */;
			baseConfigurationReferenceRelativePath = Config.xcconfig;
			buildSettings = {
				ALWAYS_SEARCH_USER_PATHS = NO;
				API_KEY = "";
				ASSETCATALOG_COMPILER_GENERATE_SWIFT_ASSET_SYMBOL_EXTENSIONS = YES;
				CLANG_ANALYZER_LOCALIZABILITY_NONLOCALIZED = YES;
				CLANG_ANALYZER_NONNULL = YES;
				CLANG_ANALYZER_NUMBER_OBJECT_CONVERSION = YES_AGGRESSIVE;
				CLANG_CXX_LANGUAGE_STANDARD = "gnu++20";
				CLANG_ENABLE_MODULES = YES;
				CLANG_ENABLE_OBJC_ARC = YES;
				CLANG_ENABLE_OBJC_WEAK = YES;
				CLANG_WARN_BLOCK_CAPTURE_AUTORELEASING = YES;
				CLANG_WARN_BOOL_CONVERSION = YES;
				CLANG_WARN_COMMA = YES;
				CLANG_WARN_CONSTANT_CONVERSION = YES;
				CLANG_WARN_DEPRECATED_OBJC_IMPLEMENTATIONS = YES;
				CLANG_WARN_DIRECT_OBJC_ISA_USAGE = YES_ERROR;
				CLANG_WARN_DOCUMENTATION_COMMENTS = YES;
				CLANG_WARN_EMPTY_BODY = YES;
				CLANG_WARN_ENUM_CONVERSION = YES;
				CLANG_WARN_INFINITE_RECURSION = YES;
				CLANG_WARN_INT_CONVERSION = YES;
				CLANG_WARN_NON_LITERAL_NULL_CONVERSION = YES;
				CLANG_WARN_OBJC_IMPLICIT_RETAIN_SELF = YES;
				CLANG_WARN_OBJC_LITERAL_CONVERSION = YES;
				CLANG_WARN_OBJC_ROOT_CLASS = YES_ERROR;
				CLANG_WARN_QUOTED_INCLUDE_IN_FRAMEWORK_HEADER = YES;
				CLANG_WARN_RANGE_LOOP_ANALYSIS = YES;
				CLANG_WARN_STRICT_PROTOTYPES = YES;
				CLANG_WARN_SUSPICIOUS_MOVE = YES;
				CLANG_WARN_UNGUARDED_AVAILABILITY = YES_AGGRESSIVE;
				CLANG_WARN_UNREACHABLE_CODE = YES;
				CLANG_WARN__DUPLICATE_METHOD_MATCH = YES;
				COPY_PHASE_STRIP = NO;
				DEBUG_INFORMATION_FORMAT = dwarf;
				ENABLE_STRICT_OBJC_MSGSEND = YES;
				ENABLE_TESTABILITY = YES;
				ENABLE_USER_SCRIPT_SANDBOXING = YES;
				GCC_C_LANGUAGE_STANDARD = gnu17;
				GCC_DYNAMIC_NO_PIC = NO;
				GCC_NO_COMMON_BLOCKS = YES;
				GCC_OPTIMIZATION_LEVEL = 0;
				GCC_PREPROCESSOR_DEFINITIONS = (
					"DEBUG=1",
					"$(inherited)",
				);
				GCC_WARN_64_TO_32_BIT_CONVERSION = YES;
				GCC_WARN_ABOUT_RETURN_TYPE = YES_ERROR;
				GCC_WARN_UNDECLARED_SELECTOR = YES;
				GCC_WARN_UNINITIALIZED_AUTOS = YES_AGGRESSIVE;
				GCC_WARN_UNUSED_FUNCTION = YES;
				GCC_WARN_UNUSED_VARIABLE = YES;
				IPHONEOS_DEPLOYMENT_TARGET = 18.0;
				LOCALIZATION_PREFERS_STRING_CATALOGS = YES;
				MTL_ENABLE_DEBUG_INFO = INCLUDE_SOURCE;
				MTL_FAST_MATH = YES;
				ONLY_ACTIVE_ARCH = YES;
				SDKROOT = iphoneos;
				SWIFT_ACTIVE_COMPILATION_CONDITIONS = "DEBUG $(inherited)";
				SWIFT_EMIT_LOC_STRINGS = YES;
				SWIFT_OPTIMIZATION_LEVEL = "-Onone";
				SWIFT_VERSION = 5.0;
				TWELVE_API_KEY = "$(TWELVE_API_KEY)";
			};
			name = Debug;
		};
		D9D827312C949DB2006DF004 /* Release */ = {
			isa = XCBuildConfiguration;
			baseConfigurationReferenceAnchor = D95ADA0F2CCAA30900AACCA6 /* CurrencyExchangeSwiftUI */;
			baseConfigurationReferenceRelativePath = Config.xcconfig;
			buildSettings = {
				ALWAYS_SEARCH_USER_PATHS = NO;
				API_KEY = "";
				ASSETCATALOG_COMPILER_GENERATE_SWIFT_ASSET_SYMBOL_EXTENSIONS = YES;
				CLANG_ANALYZER_LOCALIZABILITY_NONLOCALIZED = YES;
				CLANG_ANALYZER_NONNULL = YES;
				CLANG_ANALYZER_NUMBER_OBJECT_CONVERSION = YES_AGGRESSIVE;
				CLANG_CXX_LANGUAGE_STANDARD = "gnu++20";
				CLANG_ENABLE_MODULES = YES;
				CLANG_ENABLE_OBJC_ARC = YES;
				CLANG_ENABLE_OBJC_WEAK = YES;
				CLANG_WARN_BLOCK_CAPTURE_AUTORELEASING = YES;
				CLANG_WARN_BOOL_CONVERSION = YES;
				CLANG_WARN_COMMA = YES;
				CLANG_WARN_CONSTANT_CONVERSION = YES;
				CLANG_WARN_DEPRECATED_OBJC_IMPLEMENTATIONS = YES;
				CLANG_WARN_DIRECT_OBJC_ISA_USAGE = YES_ERROR;
				CLANG_WARN_DOCUMENTATION_COMMENTS = YES;
				CLANG_WARN_EMPTY_BODY = YES;
				CLANG_WARN_ENUM_CONVERSION = YES;
				CLANG_WARN_INFINITE_RECURSION = YES;
				CLANG_WARN_INT_CONVERSION = YES;
				CLANG_WARN_NON_LITERAL_NULL_CONVERSION = YES;
				CLANG_WARN_OBJC_IMPLICIT_RETAIN_SELF = YES;
				CLANG_WARN_OBJC_LITERAL_CONVERSION = YES;
				CLANG_WARN_OBJC_ROOT_CLASS = YES_ERROR;
				CLANG_WARN_QUOTED_INCLUDE_IN_FRAMEWORK_HEADER = YES;
				CLANG_WARN_RANGE_LOOP_ANALYSIS = YES;
				CLANG_WARN_STRICT_PROTOTYPES = YES;
				CLANG_WARN_SUSPICIOUS_MOVE = YES;
				CLANG_WARN_UNGUARDED_AVAILABILITY = YES_AGGRESSIVE;
				CLANG_WARN_UNREACHABLE_CODE = YES;
				CLANG_WARN__DUPLICATE_METHOD_MATCH = YES;
				COPY_PHASE_STRIP = NO;
				DEBUG_INFORMATION_FORMAT = "dwarf-with-dsym";
				ENABLE_NS_ASSERTIONS = NO;
				ENABLE_STRICT_OBJC_MSGSEND = YES;
				ENABLE_USER_SCRIPT_SANDBOXING = YES;
				GCC_C_LANGUAGE_STANDARD = gnu17;
				GCC_NO_COMMON_BLOCKS = YES;
				GCC_WARN_64_TO_32_BIT_CONVERSION = YES;
				GCC_WARN_ABOUT_RETURN_TYPE = YES_ERROR;
				GCC_WARN_UNDECLARED_SELECTOR = YES;
				GCC_WARN_UNINITIALIZED_AUTOS = YES_AGGRESSIVE;
				GCC_WARN_UNUSED_FUNCTION = YES;
				GCC_WARN_UNUSED_VARIABLE = YES;
				IPHONEOS_DEPLOYMENT_TARGET = 18.0;
				LOCALIZATION_PREFERS_STRING_CATALOGS = YES;
				MTL_ENABLE_DEBUG_INFO = NO;
				MTL_FAST_MATH = YES;
				SDKROOT = iphoneos;
				SWIFT_COMPILATION_MODE = wholemodule;
				SWIFT_EMIT_LOC_STRINGS = YES;
				SWIFT_VERSION = 5.0;
				TWELVE_API_KEY = "$(TWELVE_API_KEY)";
				VALIDATE_PRODUCT = YES;
			};
			name = Release;
		};
		D9D827332C949DB2006DF004 /* Debug */ = {
			isa = XCBuildConfiguration;
			baseConfigurationReference = D9B04215591C99907B224770 /* Pods-CurrencyExchangeSwiftUI.debug.xcconfig */;
			buildSettings = {
				ASSETCATALOG_COMPILER_APPICON_NAME = AppIcon;
				ASSETCATALOG_COMPILER_GLOBAL_ACCENT_COLOR_NAME = AccentColor;
				CLANG_ALLOW_NON_MODULAR_INCLUDES_IN_FRAMEWORK_MODULES = YES;
				CODE_SIGN_STYLE = Automatic;
				CURRENT_PROJECT_VERSION = 1;
				DEVELOPMENT_ASSET_PATHS = "\"CurrencyExchangeSwiftUI/Preview Content\"";
				DEVELOPMENT_TEAM = 597DF497MN;
				ENABLE_PREVIEWS = YES;
				ENABLE_USER_SCRIPT_SANDBOXING = NO;
				GENERATE_INFOPLIST_FILE = YES;
				INFOPLIST_FILE = CurrencyExchangeSwiftUI/Info.plist;
				INFOPLIST_KEY_CFBundleDisplayName = GELRates;
				INFOPLIST_KEY_UIApplicationSceneManifest_Generation = YES;
				INFOPLIST_KEY_UIApplicationSupportsIndirectInputEvents = YES;
				INFOPLIST_KEY_UILaunchScreen_Generation = YES;
				INFOPLIST_KEY_UISupportedInterfaceOrientations = UIInterfaceOrientationPortrait;
				INFOPLIST_KEY_UISupportedInterfaceOrientations_iPad = "UIInterfaceOrientationLandscapeLeft UIInterfaceOrientationLandscapeRight UIInterfaceOrientationPortrait UIInterfaceOrientationPortraitUpsideDown";
				IPHONEOS_DEPLOYMENT_TARGET = 16.6;
				LD_RUNPATH_SEARCH_PATHS = (
					"$(inherited)",
					"@executable_path/Frameworks",
				);
				MARKETING_VERSION = 1.0;
				PRODUCT_BUNDLE_IDENTIFIER = com.test.CurrencyExchangeSwiftUI;
				PRODUCT_NAME = "$(TARGET_NAME)";
				SWIFT_EMIT_LOC_STRINGS = YES;
				SWIFT_VERSION = 5.0;
				TARGETED_DEVICE_FAMILY = "1,2";
				TWELVE_API_KEY = "$(TWELVE_API_KEY)";
			};
			name = Debug;
		};
		D9D827342C949DB2006DF004 /* Release */ = {
			isa = XCBuildConfiguration;
			baseConfigurationReference = 6FEA10BB6152EF3DDE7C4BE3 /* Pods-CurrencyExchangeSwiftUI.release.xcconfig */;
			buildSettings = {
				ASSETCATALOG_COMPILER_APPICON_NAME = AppIcon;
				ASSETCATALOG_COMPILER_GLOBAL_ACCENT_COLOR_NAME = AccentColor;
				CLANG_ALLOW_NON_MODULAR_INCLUDES_IN_FRAMEWORK_MODULES = YES;
				CODE_SIGN_STYLE = Automatic;
				CURRENT_PROJECT_VERSION = 1;
				DEVELOPMENT_ASSET_PATHS = "\"CurrencyExchangeSwiftUI/Preview Content\"";
				DEVELOPMENT_TEAM = 597DF497MN;
				ENABLE_PREVIEWS = YES;
				ENABLE_USER_SCRIPT_SANDBOXING = NO;
				GENERATE_INFOPLIST_FILE = YES;
				INFOPLIST_FILE = CurrencyExchangeSwiftUI/Info.plist;
				INFOPLIST_KEY_CFBundleDisplayName = GELRates;
				INFOPLIST_KEY_UIApplicationSceneManifest_Generation = YES;
				INFOPLIST_KEY_UIApplicationSupportsIndirectInputEvents = YES;
				INFOPLIST_KEY_UILaunchScreen_Generation = YES;
				INFOPLIST_KEY_UISupportedInterfaceOrientations = UIInterfaceOrientationPortrait;
				INFOPLIST_KEY_UISupportedInterfaceOrientations_iPad = "UIInterfaceOrientationLandscapeLeft UIInterfaceOrientationLandscapeRight UIInterfaceOrientationPortrait UIInterfaceOrientationPortraitUpsideDown";
				IPHONEOS_DEPLOYMENT_TARGET = 16.6;
				LD_RUNPATH_SEARCH_PATHS = (
					"$(inherited)",
					"@executable_path/Frameworks",
				);
				MARKETING_VERSION = 1.0;
				PRODUCT_BUNDLE_IDENTIFIER = com.test.CurrencyExchangeSwiftUI;
				PRODUCT_NAME = "$(TARGET_NAME)";
				SWIFT_EMIT_LOC_STRINGS = YES;
				SWIFT_VERSION = 5.0;
				TARGETED_DEVICE_FAMILY = "1,2";
				TWELVE_API_KEY = "$(TWELVE_API_KEY)";
			};
			name = Release;
		};
		D9D827362C949DB2006DF004 /* Debug */ = {
			isa = XCBuildConfiguration;
			baseConfigurationReference = 11DF2AF796987F111A972014 /* Pods-CurrencyExchangeSwiftUITests.debug.xcconfig */;
			buildSettings = {
				BUNDLE_LOADER = "$(TEST_HOST)";
				CODE_SIGN_STYLE = Automatic;
				CURRENT_PROJECT_VERSION = 1;
				DEVELOPMENT_TEAM = 597DF497MN;
				GENERATE_INFOPLIST_FILE = YES;
				IPHONEOS_DEPLOYMENT_TARGET = 17.4;
				MARKETING_VERSION = 1.0;
				PRODUCT_BUNDLE_IDENTIFIER = com.test.CurrencyExchangeSwiftUITests;
				PRODUCT_NAME = "$(TARGET_NAME)";
				SWIFT_EMIT_LOC_STRINGS = NO;
				SWIFT_VERSION = 5.0;
				TARGETED_DEVICE_FAMILY = "1,2";
				TEST_HOST = "$(BUILT_PRODUCTS_DIR)/CurrencyExchangeSwiftUI.app/$(BUNDLE_EXECUTABLE_FOLDER_PATH)/CurrencyExchangeSwiftUI";
			};
			name = Debug;
		};
		D9D827372C949DB2006DF004 /* Release */ = {
			isa = XCBuildConfiguration;
			baseConfigurationReference = 9BA524804DD795596258A2EB /* Pods-CurrencyExchangeSwiftUITests.release.xcconfig */;
			buildSettings = {
				BUNDLE_LOADER = "$(TEST_HOST)";
				CODE_SIGN_STYLE = Automatic;
				CURRENT_PROJECT_VERSION = 1;
				DEVELOPMENT_TEAM = 597DF497MN;
				GENERATE_INFOPLIST_FILE = YES;
				IPHONEOS_DEPLOYMENT_TARGET = 17.4;
				MARKETING_VERSION = 1.0;
				PRODUCT_BUNDLE_IDENTIFIER = com.test.CurrencyExchangeSwiftUITests;
				PRODUCT_NAME = "$(TARGET_NAME)";
				SWIFT_EMIT_LOC_STRINGS = NO;
				SWIFT_VERSION = 5.0;
				TARGETED_DEVICE_FAMILY = "1,2";
				TEST_HOST = "$(BUILT_PRODUCTS_DIR)/CurrencyExchangeSwiftUI.app/$(BUNDLE_EXECUTABLE_FOLDER_PATH)/CurrencyExchangeSwiftUI";
			};
			name = Release;
		};
		D9D827392C949DB2006DF004 /* Debug */ = {
			isa = XCBuildConfiguration;
			baseConfigurationReference = 9DC74EAB2CF560838838B04F /* Pods-CurrencyExchangeSwiftUI-CurrencyExchangeSwiftUIUITests.debug.xcconfig */;
			buildSettings = {
				CODE_SIGN_STYLE = Automatic;
				CURRENT_PROJECT_VERSION = 1;
				DEVELOPMENT_TEAM = 597DF497MN;
				GENERATE_INFOPLIST_FILE = YES;
				MARKETING_VERSION = 1.0;
				PRODUCT_BUNDLE_IDENTIFIER = com.test.CurrencyExchangeSwiftUIUITests;
				PRODUCT_NAME = "$(TARGET_NAME)";
				SWIFT_EMIT_LOC_STRINGS = NO;
				SWIFT_VERSION = 5.0;
				TARGETED_DEVICE_FAMILY = "1,2";
				TEST_TARGET_NAME = CurrencyExchangeSwiftUI;
			};
			name = Debug;
		};
		D9D8273A2C949DB2006DF004 /* Release */ = {
			isa = XCBuildConfiguration;
			baseConfigurationReference = 65904C9A15C3F0450B975B49 /* Pods-CurrencyExchangeSwiftUI-CurrencyExchangeSwiftUIUITests.release.xcconfig */;
			buildSettings = {
				CODE_SIGN_STYLE = Automatic;
				CURRENT_PROJECT_VERSION = 1;
				DEVELOPMENT_TEAM = 597DF497MN;
				GENERATE_INFOPLIST_FILE = YES;
				MARKETING_VERSION = 1.0;
				PRODUCT_BUNDLE_IDENTIFIER = com.test.CurrencyExchangeSwiftUIUITests;
				PRODUCT_NAME = "$(TARGET_NAME)";
				SWIFT_EMIT_LOC_STRINGS = NO;
				SWIFT_VERSION = 5.0;
				TARGETED_DEVICE_FAMILY = "1,2";
				TEST_TARGET_NAME = CurrencyExchangeSwiftUI;
			};
			name = Release;
		};
/* End XCBuildConfiguration section */

/* Begin XCConfigurationList section */
		D9D827092C949DAF006DF004 /* Build configuration list for PBXProject "CurrencyExchangeSwiftUI" */ = {
			isa = XCConfigurationList;
			buildConfigurations = (
				D9D827302C949DB2006DF004 /* Debug */,
				D9D827312C949DB2006DF004 /* Release */,
			);
			defaultConfigurationIsVisible = 0;
			defaultConfigurationName = Release;
		};
		D9D827322C949DB2006DF004 /* Build configuration list for PBXNativeTarget "CurrencyExchangeSwiftUI" */ = {
			isa = XCConfigurationList;
			buildConfigurations = (
				D9D827332C949DB2006DF004 /* Debug */,
				D9D827342C949DB2006DF004 /* Release */,
			);
			defaultConfigurationIsVisible = 0;
			defaultConfigurationName = Release;
		};
		D9D827352C949DB2006DF004 /* Build configuration list for PBXNativeTarget "CurrencyExchangeSwiftUITests" */ = {
			isa = XCConfigurationList;
			buildConfigurations = (
				D9D827362C949DB2006DF004 /* Debug */,
				D9D827372C949DB2006DF004 /* Release */,
			);
			defaultConfigurationIsVisible = 0;
			defaultConfigurationName = Release;
		};
		D9D827382C949DB2006DF004 /* Build configuration list for PBXNativeTarget "CurrencyExchangeSwiftUIUITests" */ = {
			isa = XCConfigurationList;
			buildConfigurations = (
				D9D827392C949DB2006DF004 /* Debug */,
				D9D8273A2C949DB2006DF004 /* Release */,
			);
			defaultConfigurationIsVisible = 0;
			defaultConfigurationName = Release;
		};
/* End XCConfigurationList section */
	};
	rootObject = D9D827062C949DAF006DF004 /* Project object */;
}
